
Microsoft Visual Studio Solution File, Format Version 12.00
# Visual Studio Version 17
VisualStudioVersion = 17.14.36221.1 d17.14
MinimumVisualStudioVersion = 10.0.40219.1
Project("{FAE04EC0-301F-11D3-BF4B-00C04F79EFBC}") = "AuthService", "AuthService\AuthService.csproj", "{ED3DED57-EBD2-48A3-B1C7-0649DF9BF572}"
EndProject
Global
	GlobalSection(SolutionConfigurationPlatforms) = preSolution
		Debug|Any CPU = Debug|Any CPU
		Release|Any CPU = Release|Any CPU
	EndGlobalSection
	GlobalSection(ProjectConfigurationPlatforms) = postSolution
		{ED3DED57-EBD2-48A3-B1C7-0649DF9BF572}.Debug|Any CPU.ActiveCfg = Debug|Any CPU
		{ED3DED57-EBD2-48A3-B1C7-0649DF9BF572}.Debug|Any CPU.Build.0 = Debug|Any CPU
		{ED3DED57-EBD2-48A3-B1C7-0649DF9BF572}.Release|Any CPU.ActiveCfg = Release|Any CPU
		{ED3DED57-EBD2-48A3-B1C7-0649DF9BF572}.Release|Any CPU.Build.0 = Release|Any CPU
	EndGlobalSection
	GlobalSection(SolutionProperties) = preSolution
		HideSolutionNode = FALSE
	EndGlobalSection
	GlobalSection(ExtensibilityGlobals) = postSolution
		SolutionGuid = {33980181-99A5-42B9-B264-727A4372FA60}
	EndGlobalSection
EndGlobal
